PODS:
  - Alamofire (3.5.0)
  - IQKeyboardManager (4.0.5)
  - MJRefresh (3.1.12)
  - SDCycleScrollView (1.65):
    - SDWebImage (~> 3.7)
  - SDWebImage (3.8.2):
    - SDWebImage/Core (= 3.8.2)
  - SDWebImage/Core (3.8.2)
  - SnapKit (0.22.0)
  - SVProgressHUD (2.0.3)

DEPENDENCIES:
  - Alamofire
  - IQKeyboardManager
  - MJRefresh
  - SDCycleScrollView
  - SDWebImage
  - SnapKit
  - SVProgressHUD

SPEC CHECKSUMS:
  Alamofire: b70a7352335f8ea5babd0a923eb7e8eacc67b877
  IQKeyboardManager: 50b62c0603308968256f8208886e206c1dcce607
  MJRefresh: b96cdb21c4aa75a7b07654311ab2f315c497e806
  SDCycleScrollView: f72904c77698a7f93a41bcbbc2d78b073bf7326c
  SDWebImage: 098e97e6176540799c27e804c96653ee0833d13c
  SnapKit: 0dd2fd157330f1ea11fd84da13e6be8a7a22bae0
  SVProgressHUD: b0830714205bea1317ea1a2ebc71e5633af334d4

PODFILE CHECKSUM: 9a35ab95af9ebd709e4ec0f763bcbde01d797bc3

COCOAPODS: 1.0.1
